<Solution>
  <Configurations>
    <BuildType Name="DebugGame" />
    <BuildType Name="DebugGame Editor" />
    <BuildType Name="Development" />
    <BuildType Name="Development Editor" />
    <BuildType Name="Shipping" />
    <Platform Name="Win64" />
    <Platform Name="Win64-arm64" />
    <Platform Name="Win64-arm64ec" />
  </Configurations>
  <Folder Name="/Engine/">
    <Project Path="Intermediate/ProjectFiles/UE5.vcxproj" Id="7f4d136d-62d7-3994-b8f4-c05c606ec368">
      <BuildType Project="BuiltWithUnrealBuildTool" />
      <Platform Project="Win64" />
      <Build Project="false" />
    </Project>
  </Folder>
  <Folder Name="/Games/">
    <Project Path="Intermediate/ProjectFiles/prototype3.vcxproj" Id="bed83702-e2bb-3cbe-9d75-c2862d8d9ec2">
      <BuildType Solution="DebugGame Editor|Win64" Project="DebugGame_Editor" />
      <BuildType Solution="DebugGame Editor|Win64-arm64" Project="Win64_arm64_DebugGame_Editor" />
      <BuildType Solution="DebugGame Editor|Win64-arm64ec" Project="Win64_arm64ec_DebugGame_Editor" />
      <BuildType Solution="DebugGame|Win64-arm64" Project="Win64_arm64_DebugGame" />
      <BuildType Solution="DebugGame|Win64-arm64ec" Project="Win64_arm64ec_DebugGame" />
      <BuildType Solution="Development Editor|Win64" Project="Development_Editor" />
      <BuildType Solution="Development Editor|Win64-arm64" Project="Win64_arm64_Development_Editor" />
      <BuildType Solution="Development Editor|Win64-arm64ec" Project="Win64_arm64ec_Development_Editor" />
      <BuildType Solution="Development|Win64-arm64" Project="Win64_arm64_Development" />
      <BuildType Solution="Development|Win64-arm64ec" Project="Win64_arm64ec_Development" />
      <BuildType Solution="Shipping|Win64-arm64" Project="Win64_arm64_Shipping" />
      <BuildType Solution="Shipping|Win64-arm64ec" Project="Win64_arm64ec_Shipping" />
      <Platform Project="x64" />
    </Project>
  </Folder>
  <Folder Name="/Programs/">
    <Project Path="../../../../../UE_5.8/Engine/Source/Programs/AutomationTool/AutomationTool.csproj">
      <BuildType Project="Development" />
    </Project>
    <Project Path="../../../../../UE_5.8/Engine/Source/Programs/AutomationToolLauncher/AutomationToolLauncher.csproj">
      <BuildType Project="Development" />
    </Project>
    <Project Path="../../../../../UE_5.8/Engine/Source/Programs/UnrealBuildTool/UnrealBuildTool.csproj">
      <BuildType Project="Development" />
    </Project>
    <Project Path="Intermediate/ProjectFiles/DotNetPerforceLib.vcxproj" Id="5741785b-0c85-3b8b-997d-4b6ac8eaa2a8">
      <BuildType Solution="DebugGame Editor|Win64" Project="DebugGame" />
      <BuildType Solution="DebugGame Editor|Win64-arm64" Project="Win64_arm64_DebugGame" />
      <BuildType Solution="DebugGame Editor|Win64-arm64ec" Project="Win64_arm64ec_DebugGame" />
      <BuildType Solution="DebugGame|Win64-arm64" Project="Win64_arm64_DebugGame" />
      <BuildType Solution="DebugGame|Win64-arm64ec" Project="Win64_arm64ec_DebugGame" />
      <BuildType Solution="Development Editor|Win64" Project="Development" />
      <BuildType Solution="Development Editor|Win64-arm64" Project="Win64_arm64_Development" />
      <BuildType Solution="Development Editor|Win64-arm64ec" Project="Win64_arm64ec_Development" />
      <BuildType Solution="Development|Win64-arm64" Project="Win64_arm64_Development" />
      <BuildType Solution="Development|Win64-arm64ec" Project="Win64_arm64ec_Development" />
      <BuildType Solution="Shipping|Win64-arm64" Project="Win64_arm64_Shipping" />
      <BuildType Solution="Shipping|Win64-arm64ec" Project="Win64_arm64ec_Shipping" />
      <Platform Project="x64" />
    </Project>
  </Folder>
  <Folder Name="/Programs/Automation/">
    <Project Path="../../../../../UE_5.8/Engine/Platforms/VisionOS/Source/Programs/AutomationTool/VisionOS.Automation.csproj">
      <BuildType Project="Development" />
    </Project>
    <Project Path="../../../../../UE_5.8/Engine/Source/Programs/AutomationTool/Android/Android.Automation.csproj">
      <BuildType Project="Development" />
    </Project>
    <Project Path="../../../../../UE_5.8/Engine/Source/Programs/AutomationTool/Apple/Apple.Automation.csproj">
      <BuildType Project="Development" />
    </Project>
    <Project Path="../../../../../UE_5.8/Engine/Source/Programs/AutomationTool/AutomationUtils/AutomationUtils.Automation.csproj">
      <BuildType Project="Development" />
    </Project>
    <Project Path="../../../../../UE_5.8/Engine/Source/Programs/AutomationTool/BuildGraph/BuildGraph.Automation.csproj">
      <BuildType Project="Development" />
    </Project>
    <Project Path="../../../../../UE_5.8/Engine/Source/Programs/AutomationTool/CookedEditor/CookedEditor.Automation.csproj">
      <BuildType Project="Development" />
    </Project>
    <Project Path="../../../../../UE_5.8/Engine/Source/Programs/AutomationTool/CrowdinLocalization/CrowdinLocalization.Automation.csproj">
      <BuildType Project="Development" />
    </Project>
    <Project Path="../../../../../UE_5.8/Engine/Source/Programs/AutomationTool/Gauntlet/Gauntlet.Automation.csproj">
      <BuildType Project="Development" />
    </Project>
    <Project Path="../../../../../UE_5.8/Engine/Source/Programs/AutomationTool/Insights/Insights.Automation.csproj">
      <BuildType Project="Development" />
    </Project>
    <Project Path="../../../../../UE_5.8/Engine/Source/Programs/AutomationTool/IOS/IOS.Automation.csproj">
      <BuildType Project="Development" />
    </Project>
    <Project Path="../../../../../UE_5.8/Engine/Source/Programs/AutomationTool/Linux/Linux.Automation.csproj">
      <BuildType Project="Development" />
    </Project>
    <Project Path="../../../../../UE_5.8/Engine/Source/Programs/AutomationTool/LiveLinkHub/LiveLinkHub.Automation.csproj">
      <BuildType Project="Development" />
    </Project>
    <Project Path="../../../../../UE_5.8/Engine/Source/Programs/AutomationTool/Localization/Localization.Automation.csproj">
      <BuildType Project="Development" />
    </Project>
    <Project Path="../../../../../UE_5.8/Engine/Source/Programs/AutomationTool/LowLevelTests/LowLevelTests.Automation.csproj">
      <BuildType Project="Development" />
    </Project>
    <Project Path="../../../../../UE_5.8/Engine/Source/Programs/AutomationTool/Mac/Mac.Automation.csproj">
      <BuildType Project="Development" />
    </Project>
    <Project Path="../../../../../UE_5.8/Engine/Source/Programs/AutomationTool/Microsoft/Microsoft.Automation.csproj">
      <BuildType Project="Development" />
    </Project>
    <Project Path="../../../../../UE_5.8/Engine/Source/Programs/AutomationTool/Mutable/Mutable.Automation.csproj">
      <BuildType Project="Development" />
    </Project>
    <Project Path="../../../../../UE_5.8/Engine/Source/Programs/AutomationTool/OneSkyLocalization/OneSkyLocalization.Automation.csproj">
      <BuildType Project="Development" />
    </Project>
    <Project Path="../../../../../UE_5.8/Engine/Source/Programs/AutomationTool/Scripts/AutomationScripts.Automation.csproj">
      <BuildType Project="Development" />
    </Project>
    <Project Path="../../../../../UE_5.8/Engine/Source/Programs/AutomationTool/SmartlingLocalization/SmartlingLocalization.Automation.csproj">
      <BuildType Project="Development" />
    </Project>
    <Project Path="../../../../../UE_5.8/Engine/Source/Programs/AutomationTool/SteamDeck/SteamDeck.Automation.csproj">
      <BuildType Project="Development" />
    </Project>
    <Project Path="../../../../../UE_5.8/Engine/Source/Programs/AutomationTool/Turnkey/Turnkey.Automation.csproj">
      <BuildType Project="Development" />
    </Project>
    <Project Path="../../../../../UE_5.8/Engine/Source/Programs/AutomationTool/TVOS/TVOS.Automation.csproj">
      <BuildType Project="Development" />
    </Project>
    <Project Path="../../../../../UE_5.8/Engine/Source/Programs/AutomationTool/Win/Win.Automation.csproj">
      <BuildType Project="Development" />
    </Project>
    <Project Path="../../../../../UE_5.8/Engine/Source/Programs/AutomationTool/XLocLocalization/XLocLocalization.Automation.csproj">
      <BuildType Project="Development" />
    </Project>
  </Folder>
  <Folder Name="/Programs/LiveLink/">
    <Project Path="Intermediate/ProjectFiles/LiveLinkHub.vcxproj" Id="8f24f7bb-5a37-3c64-8beb-d8133d05ecd2">
      <BuildType Solution="DebugGame Editor|Win64" Project="DebugGame_Editor" />
      <BuildType Solution="DebugGame Editor|Win64-arm64" Project="Win64_arm64_DebugGame_Editor" />
      <BuildType Solution="DebugGame Editor|Win64-arm64ec" Project="Win64_arm64ec_DebugGame_Editor" />
      <BuildType Solution="DebugGame|*" Project="Invalid" />
      <BuildType Solution="Development Editor|Win64" Project="Development_Editor" />
      <BuildType Solution="Development Editor|Win64-arm64" Project="Win64_arm64_Development_Editor" />
      <BuildType Solution="Development Editor|Win64-arm64ec" Project="Win64_arm64ec_Development_Editor" />
      <BuildType Solution="Development|*" Project="Invalid" />
      <BuildType Solution="Shipping|*" Project="Invalid" />
      <Platform Project="x64" />
      <Build Solution="DebugGame|*" Project="false" />
      <Build Solution="Development|*" Project="false" />
      <Build Solution="Shipping|*" Project="false" />
    </Project>
  </Folder>
  <Folder Name="/Programs/LowLevelTests/">
    <Project Path="Intermediate/ProjectFiles/ChaosTestHarness.vcxproj" Id="fd057560-231c-357b-8c70-c8c7e1f317e5">
      <BuildType Solution="DebugGame Editor|Win64" Project="DebugGame" />
      <BuildType Solution="DebugGame Editor|Win64-arm64" Project="Win64_arm64_DebugGame" />
      <BuildType Solution="DebugGame Editor|Win64-arm64ec" Project="Win64_arm64ec_DebugGame" />
      <BuildType Solution="DebugGame|Win64-arm64" Project="Win64_arm64_DebugGame" />
      <BuildType Solution="DebugGame|Win64-arm64ec" Project="Win64_arm64ec_DebugGame" />
      <BuildType Solution="Development Editor|Win64" Project="Development" />
      <BuildType Solution="Development Editor|Win64-arm64" Project="Win64_arm64_Development" />
      <BuildType Solution="Development Editor|Win64-arm64ec" Project="Win64_arm64ec_Development" />
      <BuildType Solution="Development|Win64-arm64" Project="Win64_arm64_Development" />
      <BuildType Solution="Development|Win64-arm64ec" Project="Win64_arm64ec_Development" />
      <BuildType Solution="Shipping|Win64-arm64" Project="Win64_arm64_Shipping" />
      <BuildType Solution="Shipping|Win64-arm64ec" Project="Win64_arm64ec_Shipping" />
      <Platform Project="x64" />
    </Project>
    <Project Path="Intermediate/ProjectFiles/EventLoopUnitTests.vcxproj" Id="fbccb640-984f-3212-97a1-7953e1d56237">
      <BuildType Solution="DebugGame Editor|Win64" Project="DebugGame" />
      <BuildType Solution="DebugGame Editor|Win64-arm64" Project="Win64_arm64_DebugGame" />
      <BuildType Solution="DebugGame Editor|Win64-arm64ec" Project="Win64_arm64ec_DebugGame" />
      <BuildType Solution="DebugGame|Win64-arm64" Project="Win64_arm64_DebugGame" />
      <BuildType Solution="DebugGame|Win64-arm64ec" Project="Win64_arm64ec_DebugGame" />
      <BuildType Solution="Development Editor|Win64" Project="Development" />
      <BuildType Solution="Development Editor|Win64-arm64" Project="Win64_arm64_Development" />
      <BuildType Solution="Development Editor|Win64-arm64ec" Project="Win64_arm64ec_Development" />
      <BuildType Solution="Development|Win64-arm64" Project="Win64_arm64_Development" />
      <BuildType Solution="Development|Win64-arm64ec" Project="Win64_arm64ec_Development" />
      <BuildType Solution="Shipping|Win64-arm64" Project="Win64_arm64_Shipping" />
      <BuildType Solution="Shipping|Win64-arm64ec" Project="Win64_arm64ec_Shipping" />
      <Platform Project="x64" />
    </Project>
    <Project Path="Intermediate/ProjectFiles/IoStoreOnDemandTests.vcxproj" Id="2bbee3a2-3a4a-3793-88b4-09a0d53c7901">
      <BuildType Solution="DebugGame Editor|Win64" Project="DebugGame" />
      <BuildType Solution="DebugGame Editor|Win64-arm64" Project="Win64_arm64_DebugGame" />
      <BuildType Solution="DebugGame Editor|Win64-arm64ec" Project="Win64_arm64ec_DebugGame" />
      <BuildType Solution="DebugGame|Win64-arm64" Project="Win64_arm64_DebugGame" />
      <BuildType Solution="DebugGame|Win64-arm64ec" Project="Win64_arm64ec_DebugGame" />
      <BuildType Solution="Development Editor|Win64" Project="Development" />
      <BuildType Solution="Development Editor|Win64-arm64" Project="Win64_arm64_Development" />
      <BuildType Solution="Development Editor|Win64-arm64ec" Project="Win64_arm64ec_Development" />
      <BuildType Solution="Development|Win64-arm64" Project="Win64_arm64_Development" />
      <BuildType Solution="Development|Win64-arm64ec" Project="Win64_arm64ec_Development" />
      <BuildType Solution="Shipping|Win64-arm64" Project="Win64_arm64_Shipping" />
      <BuildType Solution="Shipping|Win64-arm64ec" Project="Win64_arm64ec_Shipping" />
      <Platform Project="x64" />
    </Project>
  </Folder>
  <Folder Name="/Programs/Shared/">
    <Project Path="../../../../../UE_5.8/Engine/Source/Programs/Shared/EpicGames.Analytics.Generators/EpicGames.Analytics.Generators.csproj">
      <BuildType Project="Development" />
    </Project>
    <Project Path="../../../../../UE_5.8/Engine/Source/Programs/Shared/EpicGames.Analytics.PerformanceTrends/EpicGames.Analytics.PerformanceTrends.csproj">
      <BuildType Project="Development" />
    </Project>
    <Project Path="../../../../../UE_5.8/Engine/Source/Programs/Shared/EpicGames.Analytics.Telemetry/EpicGames.Analytics.Telemetry.csproj">
      <BuildType Project="Development" />
    </Project>
    <Project Path="../../../../../UE_5.8/Engine/Source/Programs/Shared/EpicGames.AspNet/EpicGames.AspNet.csproj">
      <BuildType Project="Development" />
    </Project>
    <Project Path="../../../../../UE_5.8/Engine/Source/Programs/Shared/EpicGames.Benchmarks/EpicGames.Benchmarks.csproj">
      <BuildType Project="Development" />
    </Project>
    <Project Path="../../../../../UE_5.8/Engine/Source/Programs/Shared/EpicGames.Build.Tests/EpicGames.Build.Tests.csproj">
      <BuildType Project="Development" />
    </Project>
    <Project Path="../../../../../UE_5.8/Engine/Source/Programs/Shared/EpicGames.Build/EpicGames.Build.csproj">
      <BuildType Project="Development" />
    </Project>
    <Project Path="../../../../../UE_5.8/Engine/Source/Programs/Shared/EpicGames.BuildGraph.Tests/EpicGames.BuildGraph.Tests.csproj">
      <BuildType Project="Development" />
    </Project>
    <Project Path="../../../../../UE_5.8/Engine/Source/Programs/Shared/EpicGames.BuildGraph/EpicGames.BuildGraph.csproj">
      <BuildType Project="Development" />
    </Project>
    <Project Path="../../../../../UE_5.8/Engine/Source/Programs/Shared/EpicGames.Core.Tests/EpicGames.Core.Tests.csproj">
      <BuildType Project="Development" />
    </Project>
    <Project Path="../../../../../UE_5.8/Engine/Source/Programs/Shared/EpicGames.Core/EpicGames.Core.csproj">
      <BuildType Project="Development" />
    </Project>
    <Project Path="../../../../../UE_5.8/Engine/Source/Programs/Shared/EpicGames.Horde.Tests/EpicGames.Horde.Tests.csproj">
      <BuildType Project="Development" />
    </Project>
    <Project Path="../../../../../UE_5.8/Engine/Source/Programs/Shared/EpicGames.Horde/EpicGames.Horde.csproj">
      <BuildType Project="Development" />
    </Project>
    <Project Path="../../../../../UE_5.8/Engine/Source/Programs/Shared/EpicGames.IoHash.Tests/EpicGames.IoHash.Tests.csproj">
      <BuildType Project="Development" />
    </Project>
    <Project Path="../../../../../UE_5.8/Engine/Source/Programs/Shared/EpicGames.IoHash/EpicGames.IoHash.csproj">
      <BuildType Project="Development" />
    </Project>
    <Project Path="../../../../../UE_5.8/Engine/Source/Programs/Shared/EpicGames.LogMatchers.Tests/EpicGames.LogMatchers.Tests.csproj">
      <BuildType Project="Development" />
    </Project>
    <Project Path="../../../../../UE_5.8/Engine/Source/Programs/Shared/EpicGames.LogMatchers/EpicGames.LogMatchers.csproj">
      <BuildType Project="Development" />
    </Project>
    <Project Path="../../../../../UE_5.8/Engine/Source/Programs/Shared/EpicGames.MongoDB/EpicGames.MongoDB.csproj">
      <BuildType Project="Development" />
    </Project>
    <Project Path="../../../../../UE_5.8/Engine/Source/Programs/Shared/EpicGames.MsBuild/EpicGames.MsBuild.csproj">
      <BuildType Project="Development" />
    </Project>
    <Project Path="../../../../../UE_5.8/Engine/Source/Programs/Shared/EpicGames.OIDC/EpicGames.OIDC.csproj">
      <BuildType Project="Development" />
    </Project>
    <Project Path="../../../../../UE_5.8/Engine/Source/Programs/Shared/EpicGames.Oodle/EpicGames.Oodle.csproj">
      <BuildType Project="Development" />
    </Project>
    <Project Path="../../../../../UE_5.8/Engine/Source/Programs/Shared/EpicGames.Perforce.Fixture/EpicGames.Perforce.Fixture.csproj">
      <BuildType Project="Development" />
    </Project>
    <Project Path="../../../../../UE_5.8/Engine/Source/Programs/Shared/EpicGames.Perforce.Managed.Tests/EpicGames.Perforce.Managed.Tests.csproj">
      <BuildType Project="Development" />
    </Project>
    <Project Path="../../../../../UE_5.8/Engine/Source/Programs/Shared/EpicGames.Perforce.Managed/EpicGames.Perforce.Managed.csproj">
      <BuildType Project="Development" />
    </Project>
    <Project Path="../../../../../UE_5.8/Engine/Source/Programs/Shared/EpicGames.Perforce.Tests/EpicGames.Perforce.Tests.csproj">
      <BuildType Project="Development" />
    </Project>
    <Project Path="../../../../../UE_5.8/Engine/Source/Programs/Shared/EpicGames.Perforce/EpicGames.Perforce.csproj">
      <BuildType Project="Development" />
    </Project>
    <Project Path="../../../../../UE_5.8/Engine/Source/Programs/Shared/EpicGames.ProjectStore/EpicGames.ProjectStore.csproj">
      <BuildType Project="Development" />
    </Project>
    <Project Path="../../../../../UE_5.8/Engine/Source/Programs/Shared/EpicGames.Redis.Tests/EpicGames.Redis.Tests.csproj">
      <BuildType Project="Development" />
    </Project>
    <Project Path="../../../../../UE_5.8/Engine/Source/Programs/Shared/EpicGames.Redis/EpicGames.Redis.csproj">
      <BuildType Project="Development" />
    </Project>
    <Project Path="../../../../../UE_5.8/Engine/Source/Programs/Shared/EpicGames.ScriptBuild/EpicGames.ScriptBuild.csproj">
      <BuildType Project="Development" />
    </Project>
    <Project Path="../../../../../UE_5.8/Engine/Source/Programs/Shared/EpicGames.Serialization.Tests/EpicGames.Serialization.Tests.csproj">
      <BuildType Project="Development" />
    </Project>
    <Project Path="../../../../../UE_5.8/Engine/Source/Programs/Shared/EpicGames.Serialization/EpicGames.Serialization.csproj">
      <BuildType Project="Development" />
    </Project>
    <Project Path="../../../../../UE_5.8/Engine/Source/Programs/Shared/EpicGames.Slack/EpicGames.Slack.csproj">
      <BuildType Project="Development" />
    </Project>
    <Project Path="../../../../../UE_5.8/Engine/Source/Programs/Shared/EpicGames.Tracing.Tests/EpicGames.Tracing.Tests.csproj">
      <BuildType Project="Development" />
    </Project>
    <Project Path="../../../../../UE_5.8/Engine/Source/Programs/Shared/EpicGames.Tracing/EpicGames.Tracing.csproj">
      <BuildType Project="Development" />
    </Project>
    <Project Path="../../../../../UE_5.8/Engine/Source/Programs/Shared/EpicGames.UBA/EpicGames.UBA.csproj">
      <BuildType Project="Development" />
    </Project>
    <Project Path="../../../../../UE_5.8/Engine/Source/Programs/Shared/EpicGames.UHT/EpicGames.UHT.csproj">
      <BuildType Project="Development" />
    </Project>
  </Folder>
  <Folder Name="/Programs/UnrealBuildTool.Plugins/">
    <Project Path="../../../../../UE_5.8/Engine/Plugins/ScriptPlugin/Source/ScriptGeneratorUbtPlugin/ScriptGeneratorUbtPlugin.ubtplugin.csproj">
      <BuildType Project="Development" />
    </Project>
  </Folder>
  <Folder Name="/Rules/">
    <Project Path="../../../../../UE_5.8/Engine/Intermediate/Build/BuildRulesProjects/UE5ProgramRules/UE5ProgramRules.csproj">
      <BuildType Project="Development" />
    </Project>
    <Project Path="../../../../../UE_5.8/Engine/Intermediate/Build/BuildRulesProjects/UE5Rules/UE5Rules.csproj">
      <BuildType Project="Development" />
    </Project>
    <Project Path="Intermediate/Build/BuildRulesProjects/prototype3ModuleRules/prototype3ModuleRules.csproj">
      <BuildType Project="Development" />
    </Project>
  </Folder>
  <Folder Name="/Visualizers/">
    <File Path="../../../../../UE_5.8/Engine/Extras/VisualStudioDebugging/Unreal.natjmc" />
    <File Path="../../../../../UE_5.8/Engine/Extras/VisualStudioDebugging/Unreal.natstepfilter" />
    <File Path="../../../../../UE_5.8/Engine/Extras/VisualStudioDebugging/Unreal.natvis" />
  </Folder>
  <Properties Name="ddbf523f-7eb6-4887-bd51-85a714ff87eb">
    <Property Name="AvailablePlatforms" Value="Win64" />
  </Properties>
</Solution>
